// !$*UTF8*$!
{
	archiveVersion = 1;
	classes = {
	};
	objectVersion = 51;
	objects = {

/* Begin PBXBuildFile section */
		052DA5DCF78A5AB68EA5A923 /* Pods_News.framework in Frameworks */ = {isa = PBXBuildFile; fileRef = A035316D061916C4C802AB7C /* Pods_News.framework */; };
		5A425FC7265C8FE6006B1EBB /* AppDelegate.swift in Sources */ = {isa = PBXBuildFile; fileRef = 5A425FC6265C8FE6006B1EBB /* AppDelegate.swift */; };
		5A425FC9265C8FE6006B1EBB /* SceneDelegate.swift in Sources */ = {isa = PBXBuildFile; fileRef = 5A425FC8265C8FE6006B1EBB /* SceneDelegate.swift */; };
		5A425FCB265C8FE6006B1EBB /* ViewController.swift in Sources */ = {isa = PBXBuildFile; fileRef = 5A425FCA265C8FE6006B1EBB /* ViewController.swift */; };
		5A425FCE265C8FE6006B1EBB /* Main.storyboard in Resources */ = {isa = PBXBuildFile; fileRef = 5A425FCC265C8FE6006B1EBB /* Main.storyboard */; };
		5A425FD0265C8FE7006B1EBB /* Assets.xcassets in Resources */ = {isa = PBXBuildFile; fileRef = 5A425FCF265C8FE7006B1EBB /* Assets.xcassets */; };
		5A425FD3265C8FE7006B1EBB /* LaunchScreen.storyboard in Resources */ = {isa = PBXBuildFile; fileRef = 5A425FD1265C8FE7006B1EBB /* LaunchScreen.storyboard */; };
		5A425FDC265C996C006B1EBB /* NewsCollectionViewCell.swift in Sources */ = {isa = PBXBuildFile; fileRef = 5A425FDA265C996C006B1EBB /* NewsCollectionViewCell.swift */; };
		5A425FDD265C996C006B1EBB /* NewsCollectionViewCell.xib in Resources */ = {isa = PBXBuildFile; fileRef = 5A425FDB265C996C006B1EBB /* NewsCollectionViewCell.xib */; };
		5ADF2C13265CC61B0024863E /* Constants.swift in Sources */ = {isa = PBXBuildFile; fileRef = 5ADF2C12265CC61B0024863E /* Constants.swift */; };
/* End PBXBuildFile section */

/* Begin PBXFileReference section */
		5A425FC3265C8FE6006B1EBB /* News.app */ = {isa = PBXFileReference; explicitFileType = wrapper.application; includeInIndex = 0; path = News.app; sourceTree = BUILT_PRODUCTS_DIR; };
		5A425FC6265C8FE6006B1EBB /* AppDelegate.swift */ = {isa = PBXFileReference; lastKnownFileType = sourcecode.swift; path = AppDelegate.swift; sourceTree = "<group>"; };
		5A425FC8265C8FE6006B1EBB /* SceneDelegate.swift */ = {isa = PBXFileReference; lastKnownFileType = sourcecode.swift; path = SceneDelegate.swift; sourceTree = "<group>"; };
		5A425FCA265C8FE6006B1EBB /* ViewController.swift */ = {isa = PBXFileReference; lastKnownFileType = sourcecode.swift; path = ViewController.swift; sourceTree = "<group>"; };
		5A425FCD265C8FE6006B1EBB /* Base */ = {isa = PBXFileReference; lastKnownFileType = file.storyboard; name = Base; path = Base.lproj/Main.storyboard; sourceTree = "<group>"; };
		5A425FCF265C8FE7006B1EBB /* Assets.xcassets */ = {isa = PBXFileReference; lastKnownFileType = folder.assetcatalog; path = Assets.xcassets; sourceTree = "<group>"; };
		5A425FD2265C8FE7006B1EBB /* Base */ = {isa = PBXFileReference; lastKnownFileType = file.storyboard; name = Base; path = Base.lproj/LaunchScreen.storyboard; sourceTree = "<group>"; };
		5A425FD4265C8FE7006B1EBB /* Info.plist */ = {isa = PBXFileReference; lastKnownFileType = text.plist.xml; path = Info.plist; sourceTree = "<group>"; };
		5A425FDA265C996C006B1EBB /* NewsCollectionViewCell.swift */ = {isa = PBXFileReference; lastKnownFileType = sourcecode.swift; path = NewsCollectionViewCell.swift; sourceTree = "<group>"; };
		5A425FDB265C996C006B1EBB /* NewsCollectionViewCell.xib */ = {isa = PBXFileReference; lastKnownFileType = file.xib; path = NewsCollectionViewCell.xib; sourceTree = "<group>"; };
		5ADF2C12265CC61B0024863E /* Constants.swift */ = {isa = PBXFileReference; lastKnownFileType = sourcecode.swift; path = Constants.swift; sourceTree = "<group>"; };
		961FD5551A04595B85B37E8D /* Pods-News.release.xcconfig */ = {isa = PBXFileReference; includeInIndex = 1; lastKnownFileType = text.xcconfig; name = "Pods-News.release.xcconfig"; path = "Target Support Files/Pods-News/Pods-News.release.xcconfig"; sourceTree = "<group>"; };
		A035316D061916C4C802AB7C /* Pods_News.framework */ = {isa = PBXFileReference; explicitFileType = wrapper.framework; includeInIndex = 0; path = Pods_News.framework; sourceTree = BUILT_PRODUCTS_DIR; };
		BEBFDB896D4D7E9FD6ACEAD5 /* Pods-News.debug.xcconfig */ = {isa = PBXFileReference; includeInIndex = 1; lastKnownFileType = text.xcconfig; name = "Pods-News.debug.xcconfig"; path = "Target Support Files/Pods-News/Pods-News.debug.xcconfig"; sourceTree = "<group>"; };
/* End PBXFileReference section */

/* Begin PBXFrameworksBuildPhase section */
		5A425FC0265C8FE6006B1EBB /* Frameworks */ = {
			isa = PBXFrameworksBuildPhase;
			buildActionMask = 2147483647;
			files = (
				052DA5DCF78A5AB68EA5A923 /* Pods_News.framework in Frameworks */,
			);
			runOnlyForDeploymentPostprocessing = 0;
		};
/* End PBXFrameworksBuildPhase section */

/* Begin PBXGroup section */
		36344097FF949ACEC0658A8C /* Frameworks */ = {
			isa = PBXGroup;
			children = (
				A035316D061916C4C802AB7C /* Pods_News.framework */,
			);
			name = Frameworks;
			sourceTree = "<group>";
		};
		5A425FBA265C8FE6006B1EBB = {
			isa = PBXGroup;
			children = (
				5A425FC5265C8FE6006B1EBB /* News */,
				5A425FC4265C8FE6006B1EBB /* Products */,
				D4BA087EAD3351F3D54BC2B6 /* Pods */,
				36344097FF949ACEC0658A8C /* Frameworks */,
			);
			sourceTree = "<group>";
		};
		5A425FC4265C8FE6006B1EBB /* Products */ = {
			isa = PBXGroup;
			children = (
				5A425FC3265C8FE6006B1EBB /* News.app */,
			);
			name = Products;
			sourceTree = "<group>";
		};
		5A425FC5265C8FE6006B1EBB /* News */ = {
			isa = PBXGroup;
			children = (
				5A425FC6265C8FE6006B1EBB /* AppDelegate.swift */,
				5A425FC8265C8FE6006B1EBB /* SceneDelegate.swift */,
				5A425FCA265C8FE6006B1EBB /* ViewController.swift */,
				5ADF2C12265CC61B0024863E /* Constants.swift */,
				5A425FCC265C8FE6006B1EBB /* Main.storyboard */,
				5A425FDA265C996C006B1EBB /* NewsCollectionViewCell.swift */,
				5A425FDB265C996C006B1EBB /* NewsCollectionViewCell.xib */,
				5A425FCF265C8FE7006B1EBB /* Assets.xcassets */,
				5A425FD1265C8FE7006B1EBB /* LaunchScreen.storyboard */,
				5A425FD4265C8FE7006B1EBB /* Info.plist */,
			);
			path = News;
			sourceTree = "<group>";
		};
		D4BA087EAD3351F3D54BC2B6 /* Pods */ = {
			isa = PBXGroup;
			children = (
				BEBFDB896D4D7E9FD6ACEAD5 /* Pods-News.debug.xcconfig */,
				961FD5551A04595B85B37E8D /* Pods-News.release.xcconfig */,
			);
			path = Pods;
			sourceTree = "<group>";
		};
/* End PBXGroup section */

/* Begin PBXNativeTarget section */
		5A425FC2265C8FE6006B1EBB /* News */ = {
			isa = PBXNativeTarget;
			buildConfigurationList = 5A425FD7265C8FE7006B1EBB /* Build configuration list for PBXNativeTarget "News" */;
			buildPhases = (
				E2B4B764B97814792A4DB2C5 /* [CP] Check Pods Manifest.lock */,
				5A425FBF265C8FE6006B1EBB /* Sources */,
				5A425FC0265C8FE6006B1EBB /* Frameworks */,
				5A425FC1265C8FE6006B1EBB /* Resources */,
				3B0A8536BD672A0A3D223DAD /* [CP] Embed Pods Frameworks */,
			);
			buildRules = (
			);
			dependencies = (
			);
			name = News;
			productName = News;
			productReference = 5A425FC3265C8FE6006B1EBB /* News.app */;
			productType = "com.apple.product-type.application";
		};
/* End PBXNativeTarget section */

/* Begin PBXProject section */
		5A425FBB265C8FE6006B1EBB /* Project object */ = {
			isa = PBXProject;
			attributes = {
				LastSwiftUpdateCheck = 1250;
				LastUpgradeCheck = 1250;
				TargetAttributes = {
					5A425FC2265C8FE6006B1EBB = {
						CreatedOnToolsVersion = 12.5;
					};
				};
			};
			buildConfigurationList = 5A425FBE265C8FE6006B1EBB /* Build configuration list for PBXProject "News" */;
			compatibilityVersion = "Xcode 9.3";
			developmentRegion = en;
			hasScannedForEncodings = 0;
			knownRegions = (
				en,
				Base,
			);
			mainGroup = 5A425FBA265C8FE6006B1EBB;
			productRefGroup = 5A425FC4265C8FE6006B1EBB /* Products */;
			projectDirPath = "";
			projectRoot = "";
			targets = (
				5A425FC2265C8FE6006B1EBB /* News */,
			);
		};
/* End PBXProject section */

/* Begin PBXResourcesBuildPhase section */
		5A425FC1265C8FE6006B1EBB /* Resources */ = {
			isa = PBXResourcesBuildPhase;
			buildActionMask = 2147483647;
			files = (
				5A425FD3265C8FE7006B1EBB /* LaunchScreen.storyboard in Resources */,
				5A425FD0265C8FE7006B1EBB /* Assets.xcassets in Resources */,
				5A425FCE265C8FE6006B1EBB /* Main.storyboard in Resources */,
				5A425FDD265C996C006B1EBB /* NewsCollectionViewCell.xib in Resources */,
			);
			runOnlyForDeploymentPostprocessing = 0;
		};
/* End PBXResourcesBuildPhase section */

/* Begin PBXShellScriptBuildPhase section */
		3B0A8536BD672A0A3D223DAD /* [CP] Embed Pods Frameworks */ = {
			isa = PBXShellScriptBuildPhase;
			buildActionMask = 2147483647;
			files = (
			);
			inputFileListPaths = (
				"${PODS_ROOT}/Target Support Files/Pods-News/Pods-News-frameworks-${CONFIGURATION}-input-files.xcfilelist",
			);
			name = "[CP] Embed Pods Frameworks";
			outputFileListPaths = (
				"${PODS_ROOT}/Target Support Files/Pods-News/Pods-News-frameworks-${CONFIGURATION}-output-files.xcfilelist",
			);
			runOnlyForDeploymentPostprocessing = 0;
			shellPath = /bin/sh;
			shellScript = "\"${PODS_ROOT}/Target Support Files/Pods-News/Pods-News-frameworks.sh\"\n";
			showEnvVarsInLog = 0;
		};
		E2B4B764B97814792A4DB2C5 /* [CP] Check Pods Manifest.lock */ = {
			isa = PBXShellScriptBuildPhase;
			buildActionMask = 2147483647;
			files = (
			);
			inputFileListPaths = (
			);
			inputPaths = (
				"${PODS_PODFILE_DIR_PATH}/Podfile.lock",
				"${PODS_ROOT}/Manifest.lock",
			);
			name = "[CP] Check Pods Manifest.lock";
			outputFileListPaths = (
			);
			outputPaths = (
				"$(DERIVED_FILE_DIR)/Pods-News-checkManifestLockResult.txt",
			);
			runOnlyForDeploymentPostprocessing = 0;
			shellPath = /bin/sh;
			shellScript = "diff \"${PODS_PODFILE_DIR_PATH}/Podfile.lock\" \"${PODS_ROOT}/Manifest.lock\" > /dev/null\nif [ $? != 0 ] ; then\n    # print error to STDERR\n    echo \"error: The sandbox is not in sync with the Podfile.lock. Run 'pod install' or update your CocoaPods installation.\" >&2\n    exit 1\nfi\n# This output is used by Xcode 'outputs' to avoid re-running this script phase.\necho \"SUCCESS\" > \"${SCRIPT_OUTPUT_FILE_0}\"\n";
			showEnvVarsInLog = 0;
		};
/* End PBXShellScriptBuildPhase section */

/* Begin PBXSourcesBuildPhase section */
		5A425FBF265C8FE6006B1EBB /* Sources */ = {
			isa = PBXSourcesBuildPhase;
			buildActionMask = 2147483647;
			files = (
				5ADF2C13265CC61B0024863E /* Constants.swift in Sources */,
				5A425FCB265C8FE6006B1EBB /* ViewController.swift in Sources */,
				5A425FC7265C8FE6006B1EBB /* AppDelegate.swift in Sources */,
				5A425FC9265C8FE6006B1EBB /* SceneDelegate.swift in Sources */,
				5A425FDC265C996C006B1EBB /* NewsCollectionViewCell.swift in Sources */,
			);
			runOnlyForDeploymentPostprocessing = 0;
		};
/* End PBXSourcesBuildPhase section */

/* Begin PBXVariantGroup section */
		5A425FCC265C8FE6006B1EBB /* Main.storyboard */ = {
			isa = PBXVariantGroup;
			children = (
				5A425FCD265C8FE6006B1EBB /* Base */,
			);
			name = Main.storyboard;
			sourceTree = "<group>";
		};
		5A425FD1265C8FE7006B1EBB /* LaunchScreen.storyboard */ = {
			isa = PBXVariantGroup;
			children = (
				5A425FD2265C8FE7006B1EBB /* Base */,
			);
			name = LaunchScreen.storyboard;
			sourceTree = "<group>";
		};
/* End PBXVariantGroup section */

/* Begin XCBuildConfiguration section */
		5A425FD5265C8FE7006B1EBB /* Debug */ = {
			isa = XCBuildConfiguration;
			buildSettings = {
				ALWAYS_SEARCH_USER_PATHS = NO;
				CLANG_ANALYZER_NONNULL = YES;
				CLANG_ANALYZER_NUMBER_OBJECT_CONVERSION = YES_AGGRESSIVE;
				CLANG_CXX_LANGUAGE_STANDARD = "gnu++14";
				CLANG_CXX_LIBRARY = "libc++";
				CLANG_ENABLE_MODULES = YES;
				CLANG_ENABLE_OBJC_ARC = YES;
				CLANG_ENABLE_OBJC_WEAK = YES;
				CLANG_WARN_BLOCK_CAPTURE_AUTORELEASING = YES;
				CLANG_WARN_BOOL_CONVERSION = YES;
				CLANG_WARN_COMMA = YES;
				CLANG_WARN_CONSTANT_CONVERSION = YES;
				CLANG_WARN_DEPRECATED_OBJC_IMPLEMENTATIONS = YES;
				CLANG_WARN_DIRECT_OBJC_ISA_USAGE = YES_ERROR;
				CLANG_WARN_DOCUMENTATION_COMMENTS = YES;
				CLANG_WARN_EMPTY_BODY = YES;
				CLANG_WARN_ENUM_CONVERSION = YES;
				CLANG_WARN_INFINITE_RECURSION = YES;
				CLANG_WARN_INT_CONVERSION = YES;
				CLANG_WARN_NON_LITERAL_NULL_CONVERSION = YES;
				CLANG_WARN_OBJC_IMPLICIT_RETAIN_SELF = YES;
				CLANG_WARN_OBJC_LITERAL_CONVERSION = YES;
				CLANG_WARN_OBJC_ROOT_CLASS = YES_ERROR;
				CLANG_WARN_QUOTED_INCLUDE_IN_FRAMEWORK_HEADER = YES;
				CLANG_WARN_RANGE_LOOP_ANALYSIS = YES;
				CLANG_WARN_STRICT_PROTOTYPES = YES;
				CLANG_WARN_SUSPICIOUS_MOVE = YES;
				CLANG_WARN_UNGUARDED_AVAILABILITY = YES_AGGRESSIVE;
				CLANG_WARN_UNREACHABLE_CODE = YES;
				CLANG_WARN__DUPLICATE_METHOD_MATCH = YES;
				COPY_PHASE_STRIP = NO;
				DEBUG_INFORMATION_FORMAT = dwarf;
				ENABLE_STRICT_OBJC_MSGSEND = YES;
				ENABLE_TESTABILITY = YES;
				GCC_C_LANGUAGE_STANDARD = gnu11;
				GCC_DYNAMIC_NO_PIC = NO;
				GCC_NO_COMMON_BLOCKS = YES;
				GCC_OPTIMIZATION_LEVEL = 0;
				GCC_PREPROCESSOR_DEFINITIONS = (
					"DEBUG=1",
					"$(inherited)",
				);
				GCC_WARN_64_TO_32_BIT_CONVERSION = YES;
				GCC_WARN_ABOUT_RETURN_TYPE = YES_ERROR;
				GCC_WARN_UNDECLARED_SELECTOR = YES;
				GCC_WARN_UNINITIALIZED_AUTOS = YES_AGGRESSIVE;
				GCC_WARN_UNUSED_FUNCTION = YES;
				GCC_WARN_UNUSED_VARIABLE = YES;
				IPHONEOS_DEPLOYMENT_TARGET = 14.5;
				MTL_ENABLE_DEBUG_INFO = INCLUDE_SOURCE;
				MTL_FAST_MATH = YES;
				ONLY_ACTIVE_ARCH = YES;
				SDKROOT = iphoneos;
				SWIFT_ACTIVE_COMPILATION_CONDITIONS = DEBUG;
				SWIFT_OPTIMIZATION_LEVEL = "-Onone";
			};
			name = Debug;
		};
		5A425FD6265C8FE7006B1EBB /* Release */ = {
			isa = XCBuildConfiguration;
			buildSettings = {
				ALWAYS_SEARCH_USER_PATHS = NO;
				CLANG_ANALYZER_NONNULL = YES;
				CLANG_ANALYZER_NUMBER_OBJECT_CONVERSION = YES_AGGRESSIVE;
				CLANG_CXX_LANGUAGE_STANDARD = "gnu++14";
				CLANG_CXX_LIBRARY = "libc++";
				CLANG_ENABLE_MODULES = YES;
				CLANG_ENABLE_OBJC_ARC = YES;
				CLANG_ENABLE_OBJC_WEAK = YES;
				CLANG_WARN_BLOCK_CAPTURE_AUTORELEASING = YES;
				CLANG_WARN_BOOL_CONVERSION = YES;
				CLANG_WARN_COMMA = YES;
				CLANG_WARN_CONSTANT_CONVERSION = YES;
				CLANG_WARN_DEPRECATED_OBJC_IMPLEMENTATIONS = YES;
				CLANG_WARN_DIRECT_OBJC_ISA_USAGE = YES_ERROR;
				CLANG_WARN_DOCUMENTATION_COMMENTS = YES;
				CLANG_WARN_EMPTY_BODY = YES;
				CLANG_WARN_ENUM_CONVERSION = YES;
				CLANG_WARN_INFINITE_RECURSION = YES;
				CLANG_WARN_INT_CONVERSION = YES;
				CLANG_WARN_NON_LITERAL_NULL_CONVERSION = YES;
				CLANG_WARN_OBJC_IMPLICIT_RETAIN_SELF = YES;
				CLANG_WARN_OBJC_LITERAL_CONVERSION = YES;
				CLANG_WARN_OBJC_ROOT_CLASS = YES_ERROR;
				CLANG_WARN_QUOTED_INCLUDE_IN_FRAMEWORK_HEADER = YES;
				CLANG_WARN_RANGE_LOOP_ANALYSIS = YES;
				CLANG_WARN_STRICT_PROTOTYPES = YES;
				CLANG_WARN_SUSPICIOUS_MOVE = YES;
				CLANG_WARN_UNGUARDED_AVAILABILITY = YES_AGGRESSIVE;
				CLANG_WARN_UNREACHABLE_CODE = YES;
				CLANG_WARN__DUPLICATE_METHOD_MATCH = YES;
				COPY_PHASE_STRIP = NO;
				DEBUG_INFORMATION_FORMAT = "dwarf-with-dsym";
				ENABLE_NS_ASSERTIONS = NO;
				ENABLE_STRICT_OBJC_MSGSEND = YES;
				GCC_C_LANGUAGE_STANDARD = gnu11;
				GCC_NO_COMMON_BLOCKS = YES;
				GCC_WARN_64_TO_32_BIT_CONVERSION = YES;
				GCC_WARN_ABOUT_RETURN_TYPE = YES_ERROR;
				GCC_WARN_UNDECLARED_SELECTOR = YES;
				GCC_WARN_UNINITIALIZED_AUTOS = YES_AGGRESSIVE;
				GCC_WARN_UNUSED_FUNCTION = YES;
				GCC_WARN_UNUSED_VARIABLE = YES;
				IPHONEOS_DEPLOYMENT_TARGET = 14.5;
				MTL_ENABLE_DEBUG_INFO = NO;
				MTL_FAST_MATH = YES;
				SDKROOT = iphoneos;
				SWIFT_COMPILATION_MODE = wholemodule;
				SWIFT_OPTIMIZATION_LEVEL = "-O";
				VALIDATE_PRODUCT = YES;
			};
			name = Release;
		};
		5A425FD8265C8FE7006B1EBB /* Debug */ = {
			isa = XCBuildConfiguration;
			baseConfigurationReference = BEBFDB896D4D7E9FD6ACEAD5 /* Pods-News.debug.xcconfig */;
			buildSettings = {
				ASSETCATALOG_COMPILER_APPICON_NAME = AppIcon;
				ASSETCATALOG_COMPILER_GLOBAL_ACCENT_COLOR_NAME = AccentColor;
				CODE_SIGN_STYLE = Automatic;
				DEVELOPMENT_TEAM = 8L4FPJX7XJ;
				INFOPLIST_FILE = News/Info.plist;
				LD_RUNPATH_SEARCH_PATHS = (
					"$(inherited)",
					"@executable_path/Frameworks",
				);
				PRODUCT_BUNDLE_IDENTIFIER = app.setiawanjoddy.News;
				PRODUCT_NAME = "$(TARGET_NAME)";
				SWIFT_VERSION = 5.0;
				TARGETED_DEVICE_FAMILY = "1,2";
			};
			name = Debug;
		};
		5A425FD9265C8FE7006B1EBB /* Release */ = {
			isa = XCBuildConfiguration;
			baseConfigurationReference = 961FD5551A04595B85B37E8D /* Pods-News.release.xcconfig */;
			buildSettings = {
				ASSETCATALOG_COMPILER_APPICON_NAME = AppIcon;
				ASSETCATALOG_COMPILER_GLOBAL_ACCENT_COLOR_NAME = AccentColor;
				CODE_SIGN_STYLE = Automatic;
				DEVELOPMENT_TEAM = 8L4FPJX7XJ;
				INFOPLIST_FILE = News/Info.plist;
				LD_RUNPATH_SEARCH_PATHS = (
					"$(inherited)",
					"@executable_path/Frameworks",
				);
				PRODUCT_BUNDLE_IDENTIFIER = app.setiawanjoddy.News;
				PRODUCT_NAME = "$(TARGET_NAME)";
				SWIFT_VERSION = 5.0;
				TARGETED_DEVICE_FAMILY = "1,2";
			};
			name = Release;
		};
/* End XCBuildConfiguration section */

/* Begin XCConfigurationList section */
		5A425FBE265C8FE6006B1EBB /* Build configuration list for PBXProject "News" */ = {
			isa = XCConfigurationList;
			buildConfigurations = (
				5A425FD5265C8FE7006B1EBB /* Debug */,
				5A425FD6265C8FE7006B1EBB /* Release */,
			);
			defaultConfigurationIsVisible = 0;
			defaultConfigurationName = Release;
		};
		5A425FD7265C8FE7006B1EBB /* Build configuration list for PBXNativeTarget "News" */ = {
			isa = XCConfigurationList;
			buildConfigurations = (
				5A425FD8265C8FE7006B1EBB /* Debug */,
				5A425FD9265C8FE7006B1EBB /* Release */,
			);
			defaultConfigurationIsVisible = 0;
			defaultConfigurationName = Release;
		};
/* End XCConfigurationList section */
	};
	rootObject = 5A425FBB265C8FE6006B1EBB /* Project object */;
}
